
Microsoft Visual Studio Solution File, Format Version 12.00
# Visual Studio Version 16
VisualStudioVersion = 16.0.29509.3
MinimumVisualStudioVersion = 10.0.40219.1
Project("{FAE04EC0-301F-11D3-BF4B-00C04F79EFBC}") = "WebAPI", "WebAPI\WebAPI.csproj", "{9DA947EA-6EEF-416B-B206-327D55BC9855}"
EndProject
Global
	GlobalSection(SolutionConfigurationPlatforms) = preSolution
		Debug|Any CPU = Debug|Any CPU
		Release|Any CPU = Release|Any CPU
	EndGlobalSection
	GlobalSection(ProjectConfigurationPlatforms) = postSolution
		{9DA947EA-6EEF-416B-B206-327D55BC9855}.Debug|Any CPU.ActiveCfg = Debug|Any CPU
		{9DA947EA-6EEF-416B-B206-327D55BC9855}.Debug|Any CPU.Build.0 = Debug|Any CPU
		{9DA947EA-6EEF-416B-B206-327D55BC9855}.Release|Any CPU.ActiveCfg = Release|Any CPU
		{9DA947EA-6EEF-416B-B206-327D55BC9855}.Release|Any CPU.Build.0 = Release|Any CPU
	EndGlobalSection
	GlobalSection(SolutionProperties) = preSolution
		HideSolutionNode = FALSE
	EndGlobalSection
	GlobalSection(ExtensibilityGlobals) = postSolution
		SolutionGuid = {33699B76-0373-445B-9713-7E7360609387}
	EndGlobalSection
EndGlobal
